
Microsoft Visual Studio Solution File, Format Version 12.00
# Visual Studio Version 17
VisualStudioVersion = 17.8.34330.188
MinimumVisualStudioVersion = 10.0.40219.1
Project("{FAE04EC0-301F-11D3-BF4B-00C04F79EFBC}") = "Exam02", "Exam02.csproj", "{2EB5A4FD-8945-4A06-8AC3-C349B465FC2D}"
EndProject
Global
	GlobalSection(SolutionConfigurationPlatforms) = preSolution
		Debug|Any CPU = Debug|Any CPU
		Release|Any CPU = Release|Any CPU
	EndGlobalSection
	GlobalSection(ProjectConfigurationPlatforms) = postSolution
		{2EB5A4FD-8945-4A06-8AC3-C349B465FC2D}.Debug|Any CPU.ActiveCfg = Debug|Any CPU
		{2EB5A4FD-8945-4A06-8AC3-C349B465FC2D}.Debug|Any CPU.Build.0 = Debug|Any CPU
		{2EB5A4FD-8945-4A06-8AC3-C349B465FC2D}.Release|Any CPU.ActiveCfg = Release|Any CPU
		{2EB5A4FD-8945-4A06-8AC3-C349B465FC2D}.Release|Any CPU.Build.0 = Release|Any CPU
	EndGlobalSection
	GlobalSection(SolutionProperties) = preSolution
		HideSolutionNode = FALSE
	EndGlobalSection
	GlobalSection(ExtensibilityGlobals) = postSolution
		SolutionGuid = {179912CE-5C7C-44CD-BC22-1D253B133AA9}
	EndGlobalSection
EndGlobal
